// !$*UTF8*$!
{
	archiveVersion = 1;
	classes = {
	};
	objectVersion = 50;
	objects = {

/* Begin PBXBuildFile section */
		4360696A24011A02004C9D48 /* Vector2D.cpp in Sources */ = {isa = PBXBuildFile; fileRef = 4360696824011A02004C9D48 /* Vector2D.cpp */; };
		43B98CF723F6CC2C0051C5DA /* Game.cpp in Sources */ = {isa = PBXBuildFile; fileRef = 43B98CF323F6CC2C0051C5DA /* Game.cpp */; };
		43B98CF823F6CC2C0051C5DA /* main.cpp in Sources */ = {isa = PBXBuildFile; fileRef = 43B98CF423F6CC2C0051C5DA /* main.cpp */; };
		43B98CFB23F7ABC40051C5DA /* TextureManager.cpp in Sources */ = {isa = PBXBuildFile; fileRef = 43B98CF923F7ABC40051C5DA /* TextureManager.cpp */; };
		43B98D0123F7C6840051C5DA /* Map.cpp in Sources */ = {isa = PBXBuildFile; fileRef = 43B98CFF23F7C6840051C5DA /* Map.cpp */; };
		43D3685D23F6A12B00EC13A7 /* libSDL2-2.0.0.dylib in Frameworks */ = {isa = PBXBuildFile; fileRef = 43D3685C23F6A12B00EC13A7 /* libSDL2-2.0.0.dylib */; };
		43D3686223F6B79900EC13A7 /* libSDL2_image-2.0.0.dylib in Frameworks */ = {isa = PBXBuildFile; fileRef = 43D3686123F6B79900EC13A7 /* libSDL2_image-2.0.0.dylib */; };
		43EFC1BB23FD807D005046A5 /* ECS.cpp in Sources */ = {isa = PBXBuildFile; fileRef = 43EFC1BA23FD807D005046A5 /* ECS.cpp */; };
		43EFC1BE23FD80C3005046A5 /* Manager.cpp in Sources */ = {isa = PBXBuildFile; fileRef = 43EFC1BC23FD80C3005046A5 /* Manager.cpp */; };
/* End PBXBuildFile section */

/* Begin PBXCopyFilesBuildPhase section */
		43D3684F23F69E6700EC13A7 /* CopyFiles */ = {
			isa = PBXCopyFilesBuildPhase;
			buildActionMask = 2147483647;
			dstPath = /usr/share/man/man1/;
			dstSubfolderSpec = 0;
			files = (
			);
			runOnlyForDeploymentPostprocessing = 1;
		};
/* End PBXCopyFilesBuildPhase section */

/* Begin PBXFileReference section */
		4360696824011A02004C9D48 /* Vector2D.cpp */ = {isa = PBXFileReference; lastKnownFileType = sourcecode.cpp.cpp; path = Vector2D.cpp; sourceTree = "<group>"; };
		4360696924011A02004C9D48 /* Vector2D.hpp */ = {isa = PBXFileReference; lastKnownFileType = sourcecode.cpp.h; path = Vector2D.hpp; sourceTree = "<group>"; };
		43B98CF323F6CC2C0051C5DA /* Game.cpp */ = {isa = PBXFileReference; fileEncoding = 4; lastKnownFileType = sourcecode.cpp.cpp; path = Game.cpp; sourceTree = "<group>"; };
		43B98CF423F6CC2C0051C5DA /* main.cpp */ = {isa = PBXFileReference; fileEncoding = 4; lastKnownFileType = sourcecode.cpp.cpp; path = main.cpp; sourceTree = "<group>"; };
		43B98CF523F6CC2C0051C5DA /* assets */ = {isa = PBXFileReference; lastKnownFileType = folder; path = assets; sourceTree = "<group>"; };
		43B98CF623F6CC2C0051C5DA /* Game.hpp */ = {isa = PBXFileReference; fileEncoding = 4; lastKnownFileType = sourcecode.cpp.h; path = Game.hpp; sourceTree = "<group>"; };
		43B98CF923F7ABC40051C5DA /* TextureManager.cpp */ = {isa = PBXFileReference; lastKnownFileType = sourcecode.cpp.cpp; path = TextureManager.cpp; sourceTree = "<group>"; };
		43B98CFA23F7ABC40051C5DA /* TextureManager.hpp */ = {isa = PBXFileReference; lastKnownFileType = sourcecode.cpp.h; path = TextureManager.hpp; sourceTree = "<group>"; };
		43B98CFF23F7C6840051C5DA /* Map.cpp */ = {isa = PBXFileReference; lastKnownFileType = sourcecode.cpp.cpp; path = Map.cpp; sourceTree = "<group>"; };
		43B98D0023F7C6840051C5DA /* Map.hpp */ = {isa = PBXFileReference; lastKnownFileType = sourcecode.cpp.h; path = Map.hpp; sourceTree = "<group>"; };
		43B98D0323F810ED0051C5DA /* ECS.hpp */ = {isa = PBXFileReference; lastKnownFileType = sourcecode.cpp.h; path = ECS.hpp; sourceTree = "<group>"; };
		43B98D0723FBFA9F0051C5DA /* Components.hpp */ = {isa = PBXFileReference; lastKnownFileType = sourcecode.cpp.h; path = Components.hpp; sourceTree = "<group>"; };
		43D3685123F69E6700EC13A7 /* RPG */ = {isa = PBXFileReference; explicitFileType = "compiled.mach-o.executable"; includeInIndex = 0; path = RPG; sourceTree = BUILT_PRODUCTS_DIR; };
		43D3685C23F6A12B00EC13A7 /* libSDL2-2.0.0.dylib */ = {isa = PBXFileReference; lastKnownFileType = "compiled.mach-o.dylib"; name = "libSDL2-2.0.0.dylib"; path = "../../../../usr/local/Cellar/sdl2/2.0.10/lib/libSDL2-2.0.0.dylib"; sourceTree = "<group>"; };
		43D3686123F6B79900EC13A7 /* libSDL2_image-2.0.0.dylib */ = {isa = PBXFileReference; lastKnownFileType = "compiled.mach-o.dylib"; name = "libSDL2_image-2.0.0.dylib"; path = "../../../../usr/local/Cellar/sdl2_image/2.0.5/lib/libSDL2_image-2.0.0.dylib"; sourceTree = "<group>"; };
		43EFC1BA23FD807D005046A5 /* ECS.cpp */ = {isa = PBXFileReference; lastKnownFileType = sourcecode.cpp.cpp; path = ECS.cpp; sourceTree = "<group>"; };
		43EFC1BC23FD80C3005046A5 /* Manager.cpp */ = {isa = PBXFileReference; lastKnownFileType = sourcecode.cpp.cpp; path = Manager.cpp; sourceTree = "<group>"; };
		43EFC1BD23FD80C3005046A5 /* Manager.hpp */ = {isa = PBXFileReference; lastKnownFileType = sourcecode.cpp.h; path = Manager.hpp; sourceTree = "<group>"; };
/* End PBXFileReference section */

/* Begin PBXFrameworksBuildPhase section */
		43D3684E23F69E6700EC13A7 /* Frameworks */ = {
			isa = PBXFrameworksBuildPhase;
			buildActionMask = 2147483647;
			files = (
				43D3686223F6B79900EC13A7 /* libSDL2_image-2.0.0.dylib in Frameworks */,
				43D3685D23F6A12B00EC13A7 /* libSDL2-2.0.0.dylib in Frameworks */,
			);
			runOnlyForDeploymentPostprocessing = 0;
		};
/* End PBXFrameworksBuildPhase section */

/* Begin PBXGroup section */
		43D3684823F69E6700EC13A7 = {
			isa = PBXGroup;
			children = (
				43D3685323F69E6700EC13A7 /* RPG */,
				43D3685223F69E6700EC13A7 /* Products */,
				43D3685B23F6A12B00EC13A7 /* Frameworks */,
			);
			sourceTree = "<group>";
		};
		43D3685223F69E6700EC13A7 /* Products */ = {
			isa = PBXGroup;
			children = (
				43D3685123F69E6700EC13A7 /* RPG */,
			);
			name = Products;
			sourceTree = "<group>";
		};
		43D3685323F69E6700EC13A7 /* RPG */ = {
			isa = PBXGroup;
			children = (
				43B98CF523F6CC2C0051C5DA /* assets */,
				43B98CF323F6CC2C0051C5DA /* Game.cpp */,
				43B98CF623F6CC2C0051C5DA /* Game.hpp */,
				43B98CF423F6CC2C0051C5DA /* main.cpp */,
				43B98CF923F7ABC40051C5DA /* TextureManager.cpp */,
				43B98CFA23F7ABC40051C5DA /* TextureManager.hpp */,
				43B98CFF23F7C6840051C5DA /* Map.cpp */,
				43B98D0023F7C6840051C5DA /* Map.hpp */,
				43EFC1BA23FD807D005046A5 /* ECS.cpp */,
				43B98D0323F810ED0051C5DA /* ECS.hpp */,
				43B98D0723FBFA9F0051C5DA /* Components.hpp */,
				43EFC1BC23FD80C3005046A5 /* Manager.cpp */,
				43EFC1BD23FD80C3005046A5 /* Manager.hpp */,
				4360696824011A02004C9D48 /* Vector2D.cpp */,
				4360696924011A02004C9D48 /* Vector2D.hpp */,
			);
			path = RPG;
			sourceTree = "<group>";
		};
		43D3685B23F6A12B00EC13A7 /* Frameworks */ = {
			isa = PBXGroup;
			children = (
				43D3686123F6B79900EC13A7 /* libSDL2_image-2.0.0.dylib */,
				43D3685C23F6A12B00EC13A7 /* libSDL2-2.0.0.dylib */,
			);
			name = Frameworks;
			sourceTree = "<group>";
		};
/* End PBXGroup section */

/* Begin PBXNativeTarget section */
		43D3685023F69E6700EC13A7 /* RPG */ = {
			isa = PBXNativeTarget;
			buildConfigurationList = 43D3685823F69E6700EC13A7 /* Build configuration list for PBXNativeTarget "RPG" */;
			buildPhases = (
				43D3684D23F69E6700EC13A7 /* Sources */,
				43D3684E23F69E6700EC13A7 /* Frameworks */,
				43D3684F23F69E6700EC13A7 /* CopyFiles */,
			);
			buildRules = (
			);
			dependencies = (
			);
			name = RPG;
			productName = RPG;
			productReference = 43D3685123F69E6700EC13A7 /* RPG */;
			productType = "com.apple.product-type.tool";
		};
/* End PBXNativeTarget section */

/* Begin PBXProject section */
		43D3684923F69E6700EC13A7 /* Project object */ = {
			isa = PBXProject;
			attributes = {
				LastUpgradeCheck = 1130;
				ORGANIZATIONNAME = "Jacob Cuke";
				TargetAttributes = {
					43D3685023F69E6700EC13A7 = {
						CreatedOnToolsVersion = 11.3.1;
					};
				};
			};
			buildConfigurationList = 43D3684C23F69E6700EC13A7 /* Build configuration list for PBXProject "RPG" */;
			compatibilityVersion = "Xcode 9.3";
			developmentRegion = en;
			hasScannedForEncodings = 0;
			knownRegions = (
				en,
				Base,
			);
			mainGroup = 43D3684823F69E6700EC13A7;
			productRefGroup = 43D3685223F69E6700EC13A7 /* Products */;
			projectDirPath = "";
			projectRoot = "";
			targets = (
				43D3685023F69E6700EC13A7 /* RPG */,
			);
		};
/* End PBXProject section */

/* Begin PBXSourcesBuildPhase section */
		43D3684D23F69E6700EC13A7 /* Sources */ = {
			isa = PBXSourcesBuildPhase;
			buildActionMask = 2147483647;
			files = (
				4360696A24011A02004C9D48 /* Vector2D.cpp in Sources */,
				43EFC1BE23FD80C3005046A5 /* Manager.cpp in Sources */,
				43B98D0123F7C6840051C5DA /* Map.cpp in Sources */,
				43B98CF823F6CC2C0051C5DA /* main.cpp in Sources */,
				43B98CF723F6CC2C0051C5DA /* Game.cpp in Sources */,
				43B98CFB23F7ABC40051C5DA /* TextureManager.cpp in Sources */,
				43EFC1BB23FD807D005046A5 /* ECS.cpp in Sources */,
			);
			runOnlyForDeploymentPostprocessing = 0;
		};
/* End PBXSourcesBuildPhase section */

/* Begin XCBuildConfiguration section */
		43D3685623F69E6700EC13A7 /* Debug */ = {
			isa = XCBuildConfiguration;
			buildSettings = {
				ALWAYS_SEARCH_USER_PATHS = NO;
				CLANG_ANALYZER_NONNULL = YES;
				CLANG_ANALYZER_NUMBER_OBJECT_CONVERSION = YES_AGGRESSIVE;
				CLANG_CXX_LANGUAGE_STANDARD = "gnu++14";
				CLANG_CXX_LIBRARY = "libc++";
				CLANG_ENABLE_MODULES = YES;
				CLANG_ENABLE_OBJC_ARC = YES;
				CLANG_ENABLE_OBJC_WEAK = YES;
				CLANG_WARN_BLOCK_CAPTURE_AUTORELEASING = YES;
				CLANG_WARN_BOOL_CONVERSION = YES;
				CLANG_WARN_COMMA = YES;
				CLANG_WARN_CONSTANT_CONVERSION = YES;
				CLANG_WARN_DEPRECATED_OBJC_IMPLEMENTATIONS = YES;
				CLANG_WARN_DIRECT_OBJC_ISA_USAGE = YES_ERROR;
				CLANG_WARN_DOCUMENTATION_COMMENTS = YES;
				CLANG_WARN_EMPTY_BODY = YES;
				CLANG_WARN_ENUM_CONVERSION = YES;
				CLANG_WARN_INFINITE_RECURSION = YES;
				CLANG_WARN_INT_CONVERSION = YES;
				CLANG_WARN_NON_LITERAL_NULL_CONVERSION = YES;
				CLANG_WARN_OBJC_IMPLICIT_RETAIN_SELF = YES;
				CLANG_WARN_OBJC_LITERAL_CONVERSION = YES;
				CLANG_WARN_OBJC_ROOT_CLASS = YES_ERROR;
				CLANG_WARN_RANGE_LOOP_ANALYSIS = YES;
				CLANG_WARN_STRICT_PROTOTYPES = YES;
				CLANG_WARN_SUSPICIOUS_MOVE = YES;
				CLANG_WARN_UNGUARDED_AVAILABILITY = YES_AGGRESSIVE;
				CLANG_WARN_UNREACHABLE_CODE = YES;
				CLANG_WARN__DUPLICATE_METHOD_MATCH = YES;
				COPY_PHASE_STRIP = NO;
				DEBUG_INFORMATION_FORMAT = dwarf;
				ENABLE_STRICT_OBJC_MSGSEND = YES;
				ENABLE_TESTABILITY = YES;
				GCC_C_LANGUAGE_STANDARD = gnu11;
				GCC_DYNAMIC_NO_PIC = NO;
				GCC_NO_COMMON_BLOCKS = YES;
				GCC_OPTIMIZATION_LEVEL = 0;
				GCC_PREPROCESSOR_DEFINITIONS = (
					"DEBUG=1",
					"$(inherited)",
				);
				GCC_WARN_64_TO_32_BIT_CONVERSION = YES;
				GCC_WARN_ABOUT_RETURN_TYPE = YES_ERROR;
				GCC_WARN_UNDECLARED_SELECTOR = YES;
				GCC_WARN_UNINITIALIZED_AUTOS = YES_AGGRESSIVE;
				GCC_WARN_UNUSED_FUNCTION = YES;
				GCC_WARN_UNUSED_VARIABLE = YES;
				MACOSX_DEPLOYMENT_TARGET = 10.14;
				MTL_ENABLE_DEBUG_INFO = INCLUDE_SOURCE;
				MTL_FAST_MATH = YES;
				ONLY_ACTIVE_ARCH = YES;
				SDKROOT = macosx;
			};
			name = Debug;
		};
		43D3685723F69E6700EC13A7 /* Release */ = {
			isa = XCBuildConfiguration;
			buildSettings = {
				ALWAYS_SEARCH_USER_PATHS = NO;
				CLANG_ANALYZER_NONNULL = YES;
				CLANG_ANALYZER_NUMBER_OBJECT_CONVERSION = YES_AGGRESSIVE;
				CLANG_CXX_LANGUAGE_STANDARD = "gnu++14";
				CLANG_CXX_LIBRARY = "libc++";
				CLANG_ENABLE_MODULES = YES;
				CLANG_ENABLE_OBJC_ARC = YES;
				CLANG_ENABLE_OBJC_WEAK = YES;
				CLANG_WARN_BLOCK_CAPTURE_AUTORELEASING = YES;
				CLANG_WARN_BOOL_CONVERSION = YES;
				CLANG_WARN_COMMA = YES;
				CLANG_WARN_CONSTANT_CONVERSION = YES;
				CLANG_WARN_DEPRECATED_OBJC_IMPLEMENTATIONS = YES;
				CLANG_WARN_DIRECT_OBJC_ISA_USAGE = YES_ERROR;
				CLANG_WARN_DOCUMENTATION_COMMENTS = YES;
				CLANG_WARN_EMPTY_BODY = YES;
				CLANG_WARN_ENUM_CONVERSION = YES;
				CLANG_WARN_INFINITE_RECURSION = YES;
				CLANG_WARN_INT_CONVERSION = YES;
				CLANG_WARN_NON_LITERAL_NULL_CONVERSION = YES;
				CLANG_WARN_OBJC_IMPLICIT_RETAIN_SELF = YES;
				CLANG_WARN_OBJC_LITERAL_CONVERSION = YES;
				CLANG_WARN_OBJC_ROOT_CLASS = YES_ERROR;
				CLANG_WARN_RANGE_LOOP_ANALYSIS = YES;
				CLANG_WARN_STRICT_PROTOTYPES = YES;
				CLANG_WARN_SUSPICIOUS_MOVE = YES;
				CLANG_WARN_UNGUARDED_AVAILABILITY = YES_AGGRESSIVE;
				CLANG_WARN_UNREACHABLE_CODE = YES;
				CLANG_WARN__DUPLICATE_METHOD_MATCH = YES;
				COPY_PHASE_STRIP = NO;
				DEBUG_INFORMATION_FORMAT = "dwarf-with-dsym";
				ENABLE_NS_ASSERTIONS = NO;
				ENABLE_STRICT_OBJC_MSGSEND = YES;
				GCC_C_LANGUAGE_STANDARD = gnu11;
				GCC_NO_COMMON_BLOCKS = YES;
				GCC_WARN_64_TO_32_BIT_CONVERSION = YES;
				GCC_WARN_ABOUT_RETURN_TYPE = YES_ERROR;
				GCC_WARN_UNDECLARED_SELECTOR = YES;
				GCC_WARN_UNINITIALIZED_AUTOS = YES_AGGRESSIVE;
				GCC_WARN_UNUSED_FUNCTION = YES;
				GCC_WARN_UNUSED_VARIABLE = YES;
				MACOSX_DEPLOYMENT_TARGET = 10.14;
				MTL_ENABLE_DEBUG_INFO = NO;
				MTL_FAST_MATH = YES;
				SDKROOT = macosx;
			};
			name = Release;
		};
		43D3685923F69E6700EC13A7 /* Debug */ = {
			isa = XCBuildConfiguration;
			buildSettings = {
				CODE_SIGN_STYLE = Automatic;
				HEADER_SEARCH_PATHS = /usr/local/include;
				LIBRARY_SEARCH_PATHS = (
					"$(inherited)",
					/usr/local/Cellar/sdl2/2.0.10/lib,
					/usr/local/Cellar/sdl2_image/2.0.5/lib,
				);
				PRODUCT_NAME = "$(TARGET_NAME)";
			};
			name = Debug;
		};
		43D3685A23F69E6700EC13A7 /* Release */ = {
			isa = XCBuildConfiguration;
			buildSettings = {
				CODE_SIGN_STYLE = Automatic;
				HEADER_SEARCH_PATHS = /usr/local/include;
				LIBRARY_SEARCH_PATHS = (
					"$(inherited)",
					/usr/local/Cellar/sdl2/2.0.10/lib,
					/usr/local/Cellar/sdl2_image/2.0.5/lib,
				);
				PRODUCT_NAME = "$(TARGET_NAME)";
			};
			name = Release;
		};
/* End XCBuildConfiguration section */

/* Begin XCConfigurationList section */
		43D3684C23F69E6700EC13A7 /* Build configuration list for PBXProject "RPG" */ = {
			isa = XCConfigurationList;
			buildConfigurations = (
				43D3685623F69E6700EC13A7 /* Debug */,
				43D3685723F69E6700EC13A7 /* Release */,
			);
			defaultConfigurationIsVisible = 0;
			defaultConfigurationName = Release;
		};
		43D3685823F69E6700EC13A7 /* Build configuration list for PBXNativeTarget "RPG" */ = {
			isa = XCConfigurationList;
			buildConfigurations = (
				43D3685923F69E6700EC13A7 /* Debug */,
				43D3685A23F69E6700EC13A7 /* Release */,
			);
			defaultConfigurationIsVisible = 0;
			defaultConfigurationName = Release;
		};
/* End XCConfigurationList section */
	};
	rootObject = 43D3684923F69E6700EC13A7 /* Project object */;
}
